<?xml version="1.0" encoding="utf-8"?>
<Project ToolsVersion="4.0" xmlns="http://schemas.microsoft.com/developer/msbuild/2003">
  <ItemGroup>
    <ClInclude Include="locallinker.h">
      <Filter>linkage\linker\local</Filter>
    </ClInclude>
    <ClInclude Include="remotelinker.h">
      <Filter>linkage\linker\remote</Filter>
    </ClInclude>
    <ClInclude Include="linker.h">
      <Filter>linkage\linker</Filter>
    </ClInclude>
    <ClInclude Include="library.h">
      <Filter>linkage\library</Filter>
    </ClInclude>
    <ClInclude Include="librarian.h">
      <Filter>linkage\librarian</Filter>
    </ClInclude>
    <ClInclude Include="remotelibrary.h">
      <Filter>linkage\library\remote</Filter>
    </ClInclude>
    <ClInclude Include="locallibrary.h">
      <Filter>linkage\library\local</Filter>
    </ClInclude>
    <ClInclude Include="ws_connection.h">
      <Filter>communication\connection</Filter>
    </ClInclude>
    <ClInclude Include="win32exception.h">
      <Filter>exception</Filter>
    </ClInclude>
    <ClInclude Include="linkage.h">
      <Filter>linkage</Filter>
    </ClInclude>
  </ItemGroup>
  <ItemGroup>
    <Filter Include="communication">
      <UniqueIdentifier>{583bab2e-b62c-4639-ad36-9ce44b4f5ee1}</UniqueIdentifier>
    </Filter>
    <Filter Include="communication\connection">
      <UniqueIdentifier>{a726ba86-991e-4262-b960-76b511c008f9}</UniqueIdentifier>
    </Filter>
    <Filter Include="linkage">
      <UniqueIdentifier>{059a5f92-f0d2-4214-840b-bd6fcdef52e9}</UniqueIdentifier>
    </Filter>
    <Filter Include="linkage\linker">
      <UniqueIdentifier>{c0a4b67f-fb99-4ad3-81c9-1044c02167dd}</UniqueIdentifier>
    </Filter>
    <Filter Include="linkage\linker\local">
      <UniqueIdentifier>{b6ff84c4-ddca-42c1-bcba-87ad0581f039}</UniqueIdentifier>
    </Filter>
    <Filter Include="linkage\linker\remote">
      <UniqueIdentifier>{1f08fbd7-aae4-41b3-9042-e4ccb38eb433}</UniqueIdentifier>
    </Filter>
    <Filter Include="linkage\librarian">
      <UniqueIdentifier>{d653f86e-6a02-41ba-b34a-497481efccbf}</UniqueIdentifier>
    </Filter>
    <Filter Include="linkage\library">
      <UniqueIdentifier>{1c447e79-197e-4f69-99c6-c9471e440033}</UniqueIdentifier>
    </Filter>
    <Filter Include="linkage\library\local">
      <UniqueIdentifier>{52552872-6cd1-4dff-aa45-b53845b0f2b6}</UniqueIdentifier>
    </Filter>
    <Filter Include="linkage\library\remote">
      <UniqueIdentifier>{f8c7c49d-85c1-4724-af44-5fd38198e9b9}</UniqueIdentifier>
    </Filter>
    <Filter Include="exception">
      <UniqueIdentifier>{91ff9268-1912-48a4-93bc-e43a3ca15495}</UniqueIdentifier>
    </Filter>
  </ItemGroup>
  <ItemGroup>
    <ClCompile Include="library.cpp">
      <Filter>linkage\library</Filter>
    </ClCompile>
    <ClCompile Include="librarian.cpp">
      <Filter>linkage\librarian</Filter>
    </ClCompile>
    <ClCompile Include="locallibrary.cpp">
      <Filter>linkage\library\local</Filter>
    </ClCompile>
    <ClCompile Include="linker.cpp">
      <Filter>linkage\linker</Filter>
    </ClCompile>
    <ClCompile Include="locallinker.cpp">
      <Filter>linkage\linker\local</Filter>
    </ClCompile>
    <ClCompile Include="remotelinker.cpp">
      <Filter>linkage\linker\remote</Filter>
    </ClCompile>
    <ClCompile Include="remotelibrary.cpp">
      <Filter>linkage\library\remote</Filter>
    </ClCompile>
    <ClCompile Include="ws_connection.cpp">
      <Filter>communication\connection</Filter>
    </ClCompile>
    <ClCompile Include="win32exception.cpp">
      <Filter>exception</Filter>
    </ClCompile>
  </ItemGroup>
</Project>